// !$*UTF8*$!
{
	archiveVersion = 1;
	classes = {
	};
	objectVersion = 51;
	objects = {

/* Begin PBXBuildFile section */
		670B8D49237D2F95002353A3 /* AppDelegate.swift in Sources */ = {isa = PBXBuildFile; fileRef = 670B8D48237D2F95002353A3 /* AppDelegate.swift */; };
		670B8D4D237D2F95002353A3 /* ViewController.swift in Sources */ = {isa = PBXBuildFile; fileRef = 670B8D4C237D2F95002353A3 /* ViewController.swift */; };
		670B8D50237D2F95002353A3 /* Main.storyboard in Resources */ = {isa = PBXBuildFile; fileRef = 670B8D4E237D2F95002353A3 /* Main.storyboard */; };
		670B8D53237D2F95002353A3 /* Country_Info.xcdatamodeld in Sources */ = {isa = PBXBuildFile; fileRef = 670B8D51237D2F95002353A3 /* Country_Info.xcdatamodeld */; };
		670B8D55237D2F96002353A3 /* Assets.xcassets in Resources */ = {isa = PBXBuildFile; fileRef = 670B8D54237D2F96002353A3 /* Assets.xcassets */; };
		670B8D58237D2F96002353A3 /* LaunchScreen.storyboard in Resources */ = {isa = PBXBuildFile; fileRef = 670B8D56237D2F96002353A3 /* LaunchScreen.storyboard */; };
		670B8D63237D2F96002353A3 /* Country_InfoTests.swift in Sources */ = {isa = PBXBuildFile; fileRef = 670B8D62237D2F96002353A3 /* Country_InfoTests.swift */; };
		670B8D6E237D2F96002353A3 /* Country_InfoUITests.swift in Sources */ = {isa = PBXBuildFile; fileRef = 670B8D6D237D2F96002353A3 /* Country_InfoUITests.swift */; };
		670B8D7C237D342F002353A3 /* Podfile in Resources */ = {isa = PBXBuildFile; fileRef = 670B8D7B237D342F002353A3 /* Podfile */; };
		670B8D80237D36F3002353A3 /* RegionCollectionViewCell.swift in Sources */ = {isa = PBXBuildFile; fileRef = 670B8D7E237D36F3002353A3 /* RegionCollectionViewCell.swift */; };
		670B8D81237D36F3002353A3 /* RegionCollectionViewCell.xib in Resources */ = {isa = PBXBuildFile; fileRef = 670B8D7F237D36F3002353A3 /* RegionCollectionViewCell.xib */; };
		670B8D83237D3E31002353A3 /* SceneDelegate.swift in Sources */ = {isa = PBXBuildFile; fileRef = 670B8D82237D3E31002353A3 /* SceneDelegate.swift */; };
		67BA7A0B237D478300B4251A /* Extension.swift in Sources */ = {isa = PBXBuildFile; fileRef = 67BA7A0A237D478300B4251A /* Extension.swift */; };
		67BA7A0D237D49C300B4251A /* TableViewController.swift in Sources */ = {isa = PBXBuildFile; fileRef = 67BA7A0C237D49C300B4251A /* TableViewController.swift */; };
		67BA7A0F237D62D300B4251A /* GlobalFunctions.swift in Sources */ = {isa = PBXBuildFile; fileRef = 67BA7A0E237D62D300B4251A /* GlobalFunctions.swift */; };
		67BA7A14237D6B4600B4251A /* CountryDetailController.swift in Sources */ = {isa = PBXBuildFile; fileRef = 67BA7A13237D6B4600B4251A /* CountryDetailController.swift */; };
		67BA7A17237D74DD00B4251A /* CountryTableViewCell.swift in Sources */ = {isa = PBXBuildFile; fileRef = 67BA7A15237D74DD00B4251A /* CountryTableViewCell.swift */; };
		67BA7A18237D74DD00B4251A /* CountryTableViewCell.xib in Resources */ = {isa = PBXBuildFile; fileRef = 67BA7A16237D74DD00B4251A /* CountryTableViewCell.xib */; };
		67BA7A1B237D9B8100B4251A /* MapViewController.swift in Sources */ = {isa = PBXBuildFile; fileRef = 67BA7A1A237D9B8100B4251A /* MapViewController.swift */; };
		67BA7A1D237DD12100B4251A /* Model.swift in Sources */ = {isa = PBXBuildFile; fileRef = 67BA7A1C237DD12100B4251A /* Model.swift */; };
		A1954370C0B1EF1F6993C88D /* Pods_Country_Info.framework in Frameworks */ = {isa = PBXBuildFile; fileRef = 0A943F84C1655FD480B615A0 /* Pods_Country_Info.framework */; };
/* End PBXBuildFile section */

/* Begin PBXContainerItemProxy section */
		670B8D5F237D2F96002353A3 /* PBXContainerItemProxy */ = {
			isa = PBXContainerItemProxy;
			containerPortal = 670B8D3D237D2F95002353A3 /* Project object */;
			proxyType = 1;
			remoteGlobalIDString = 670B8D44237D2F95002353A3;
			remoteInfo = "Country-Info";
		};
		670B8D6A237D2F96002353A3 /* PBXContainerItemProxy */ = {
			isa = PBXContainerItemProxy;
			containerPortal = 670B8D3D237D2F95002353A3 /* Project object */;
			proxyType = 1;
			remoteGlobalIDString = 670B8D44237D2F95002353A3;
			remoteInfo = "Country-Info";
		};
/* End PBXContainerItemProxy section */

/* Begin PBXFileReference section */
		0A943F84C1655FD480B615A0 /* Pods_Country_Info.framework */ = {isa = PBXFileReference; explicitFileType = wrapper.framework; includeInIndex = 0; path = Pods_Country_Info.framework; sourceTree = BUILT_PRODUCTS_DIR; };
		670B8D45237D2F95002353A3 /* Country-Info.app */ = {isa = PBXFileReference; explicitFileType = wrapper.application; includeInIndex = 0; path = "Country-Info.app"; sourceTree = BUILT_PRODUCTS_DIR; };
		670B8D48237D2F95002353A3 /* AppDelegate.swift */ = {isa = PBXFileReference; lastKnownFileType = sourcecode.swift; path = AppDelegate.swift; sourceTree = "<group>"; };
		670B8D4C237D2F95002353A3 /* ViewController.swift */ = {isa = PBXFileReference; lastKnownFileType = sourcecode.swift; path = ViewController.swift; sourceTree = "<group>"; };
		670B8D4F237D2F95002353A3 /* Base */ = {isa = PBXFileReference; lastKnownFileType = file.storyboard; name = Base; path = Base.lproj/Main.storyboard; sourceTree = "<group>"; };
		670B8D52237D2F95002353A3 /* Country_Info.xcdatamodel */ = {isa = PBXFileReference; lastKnownFileType = wrapper.xcdatamodel; path = Country_Info.xcdatamodel; sourceTree = "<group>"; };
		670B8D54237D2F96002353A3 /* Assets.xcassets */ = {isa = PBXFileReference; lastKnownFileType = folder.assetcatalog; path = Assets.xcassets; sourceTree = "<group>"; };
		670B8D57237D2F96002353A3 /* Base */ = {isa = PBXFileReference; lastKnownFileType = file.storyboard; name = Base; path = Base.lproj/LaunchScreen.storyboard; sourceTree = "<group>"; };
		670B8D59237D2F96002353A3 /* Info.plist */ = {isa = PBXFileReference; lastKnownFileType = text.plist.xml; path = Info.plist; sourceTree = "<group>"; };
		670B8D5E237D2F96002353A3 /* Country-InfoTests.xctest */ = {isa = PBXFileReference; explicitFileType = wrapper.cfbundle; includeInIndex = 0; path = "Country-InfoTests.xctest"; sourceTree = BUILT_PRODUCTS_DIR; };
		670B8D62237D2F96002353A3 /* Country_InfoTests.swift */ = {isa = PBXFileReference; lastKnownFileType = sourcecode.swift; path = Country_InfoTests.swift; sourceTree = "<group>"; };
		670B8D64237D2F96002353A3 /* Info.plist */ = {isa = PBXFileReference; lastKnownFileType = text.plist.xml; path = Info.plist; sourceTree = "<group>"; };
		670B8D69237D2F96002353A3 /* Country-InfoUITests.xctest */ = {isa = PBXFileReference; explicitFileType = wrapper.cfbundle; includeInIndex = 0; path = "Country-InfoUITests.xctest"; sourceTree = BUILT_PRODUCTS_DIR; };
		670B8D6D237D2F96002353A3 /* Country_InfoUITests.swift */ = {isa = PBXFileReference; lastKnownFileType = sourcecode.swift; path = Country_InfoUITests.swift; sourceTree = "<group>"; };
		670B8D6F237D2F96002353A3 /* Info.plist */ = {isa = PBXFileReference; lastKnownFileType = text.plist.xml; path = Info.plist; sourceTree = "<group>"; };
		670B8D7B237D342F002353A3 /* Podfile */ = {isa = PBXFileReference; lastKnownFileType = text; path = Podfile; sourceTree = "<group>"; xcLanguageSpecificationIdentifier = xcode.lang.ruby; };
		670B8D7E237D36F3002353A3 /* RegionCollectionViewCell.swift */ = {isa = PBXFileReference; lastKnownFileType = sourcecode.swift; path = RegionCollectionViewCell.swift; sourceTree = "<group>"; };
		670B8D7F237D36F3002353A3 /* RegionCollectionViewCell.xib */ = {isa = PBXFileReference; lastKnownFileType = file.xib; path = RegionCollectionViewCell.xib; sourceTree = "<group>"; };
		670B8D82237D3E31002353A3 /* SceneDelegate.swift */ = {isa = PBXFileReference; lastKnownFileType = sourcecode.swift; path = SceneDelegate.swift; sourceTree = "<group>"; };
		67BA7A0A237D478300B4251A /* Extension.swift */ = {isa = PBXFileReference; lastKnownFileType = sourcecode.swift; path = Extension.swift; sourceTree = "<group>"; };
		67BA7A0C237D49C300B4251A /* TableViewController.swift */ = {isa = PBXFileReference; lastKnownFileType = sourcecode.swift; path = TableViewController.swift; sourceTree = "<group>"; };
		67BA7A0E237D62D300B4251A /* GlobalFunctions.swift */ = {isa = PBXFileReference; lastKnownFileType = sourcecode.swift; path = GlobalFunctions.swift; sourceTree = "<group>"; };
		67BA7A10237D67DA00B4251A /* Country-Info-Bridging-Header.h */ = {isa = PBXFileReference; lastKnownFileType = sourcecode.c.h; path = "Country-Info-Bridging-Header.h"; sourceTree = "<group>"; };
		67BA7A13237D6B4600B4251A /* CountryDetailController.swift */ = {isa = PBXFileReference; lastKnownFileType = sourcecode.swift; path = CountryDetailController.swift; sourceTree = "<group>"; };
		67BA7A15237D74DD00B4251A /* CountryTableViewCell.swift */ = {isa = PBXFileReference; lastKnownFileType = sourcecode.swift; path = CountryTableViewCell.swift; sourceTree = "<group>"; };
		67BA7A16237D74DD00B4251A /* CountryTableViewCell.xib */ = {isa = PBXFileReference; lastKnownFileType = file.xib; path = CountryTableViewCell.xib; sourceTree = "<group>"; };
		67BA7A1A237D9B8100B4251A /* MapViewController.swift */ = {isa = PBXFileReference; lastKnownFileType = sourcecode.swift; path = MapViewController.swift; sourceTree = "<group>"; };
		67BA7A1C237DD12100B4251A /* Model.swift */ = {isa = PBXFileReference; lastKnownFileType = sourcecode.swift; path = Model.swift; sourceTree = "<group>"; };
		708184D063E74B930865AA21 /* Pods-Country-Info.debug.xcconfig */ = {isa = PBXFileReference; includeInIndex = 1; lastKnownFileType = text.xcconfig; name = "Pods-Country-Info.debug.xcconfig"; path = "Target Support Files/Pods-Country-Info/Pods-Country-Info.debug.xcconfig"; sourceTree = "<group>"; };
		D4EB7C06A3412217D70C27E2 /* Pods-Country-Info.release.xcconfig */ = {isa = PBXFileReference; includeInIndex = 1; lastKnownFileType = text.xcconfig; name = "Pods-Country-Info.release.xcconfig"; path = "Target Support Files/Pods-Country-Info/Pods-Country-Info.release.xcconfig"; sourceTree = "<group>"; };
/* End PBXFileReference section */

/* Begin PBXFrameworksBuildPhase section */
		670B8D42237D2F95002353A3 /* Frameworks */ = {
			isa = PBXFrameworksBuildPhase;
			buildActionMask = 2147483647;
			files = (
				A1954370C0B1EF1F6993C88D /* Pods_Country_Info.framework in Frameworks */,
			);
			runOnlyForDeploymentPostprocessing = 0;
		};
		670B8D5B237D2F96002353A3 /* Frameworks */ = {
			isa = PBXFrameworksBuildPhase;
			buildActionMask = 2147483647;
			files = (
			);
			runOnlyForDeploymentPostprocessing = 0;
		};
		670B8D66237D2F96002353A3 /* Frameworks */ = {
			isa = PBXFrameworksBuildPhase;
			buildActionMask = 2147483647;
			files = (
			);
			runOnlyForDeploymentPostprocessing = 0;
		};
/* End PBXFrameworksBuildPhase section */

/* Begin PBXGroup section */
		222613FF1815D3B950A98DEB /* Pods */ = {
			isa = PBXGroup;
			children = (
				708184D063E74B930865AA21 /* Pods-Country-Info.debug.xcconfig */,
				D4EB7C06A3412217D70C27E2 /* Pods-Country-Info.release.xcconfig */,
			);
			path = Pods;
			sourceTree = "<group>";
		};
		49B3A6F75FD0C25E095A88D5 /* Frameworks */ = {
			isa = PBXGroup;
			children = (
				0A943F84C1655FD480B615A0 /* Pods_Country_Info.framework */,
			);
			name = Frameworks;
			sourceTree = "<group>";
		};
		670B8D3C237D2F95002353A3 = {
			isa = PBXGroup;
			children = (
				670B8D7B237D342F002353A3 /* Podfile */,
				670B8D7D237D36CF002353A3 /* Views */,
				670B8D47237D2F95002353A3 /* Country-Info */,
				670B8D61237D2F96002353A3 /* Country-InfoTests */,
				670B8D6C237D2F96002353A3 /* Country-InfoUITests */,
				670B8D46237D2F95002353A3 /* Products */,
				222613FF1815D3B950A98DEB /* Pods */,
				49B3A6F75FD0C25E095A88D5 /* Frameworks */,
			);
			sourceTree = "<group>";
		};
		670B8D46237D2F95002353A3 /* Products */ = {
			isa = PBXGroup;
			children = (
				670B8D45237D2F95002353A3 /* Country-Info.app */,
				670B8D5E237D2F96002353A3 /* Country-InfoTests.xctest */,
				670B8D69237D2F96002353A3 /* Country-InfoUITests.xctest */,
			);
			name = Products;
			sourceTree = "<group>";
		};
		670B8D47237D2F95002353A3 /* Country-Info */ = {
			isa = PBXGroup;
			children = (
				670B8D48237D2F95002353A3 /* AppDelegate.swift */,
				670B8D4C237D2F95002353A3 /* ViewController.swift */,
				670B8D4E237D2F95002353A3 /* Main.storyboard */,
				670B8D54237D2F96002353A3 /* Assets.xcassets */,
				670B8D56237D2F96002353A3 /* LaunchScreen.storyboard */,
				670B8D59237D2F96002353A3 /* Info.plist */,
				670B8D51237D2F95002353A3 /* Country_Info.xcdatamodeld */,
				670B8D82237D3E31002353A3 /* SceneDelegate.swift */,
				67BA7A0A237D478300B4251A /* Extension.swift */,
				67BA7A0C237D49C300B4251A /* TableViewController.swift */,
				67BA7A0E237D62D300B4251A /* GlobalFunctions.swift */,
				67BA7A10237D67DA00B4251A /* Country-Info-Bridging-Header.h */,
				67BA7A13237D6B4600B4251A /* CountryDetailController.swift */,
				67BA7A1A237D9B8100B4251A /* MapViewController.swift */,
				67BA7A1C237DD12100B4251A /* Model.swift */,
			);
			path = "Country-Info";
			sourceTree = "<group>";
		};
		670B8D61237D2F96002353A3 /* Country-InfoTests */ = {
			isa = PBXGroup;
			children = (
				670B8D62237D2F96002353A3 /* Country_InfoTests.swift */,
				670B8D64237D2F96002353A3 /* Info.plist */,
			);
			path = "Country-InfoTests";
			sourceTree = "<group>";
		};
		670B8D6C237D2F96002353A3 /* Country-InfoUITests */ = {
			isa = PBXGroup;
			children = (
				670B8D6D237D2F96002353A3 /* Country_InfoUITests.swift */,
				670B8D6F237D2F96002353A3 /* Info.plist */,
			);
			path = "Country-InfoUITests";
			sourceTree = "<group>";
		};
		670B8D7D237D36CF002353A3 /* Views */ = {
			isa = PBXGroup;
			children = (
				670B8D7E237D36F3002353A3 /* RegionCollectionViewCell.swift */,
				670B8D7F237D36F3002353A3 /* RegionCollectionViewCell.xib */,
				67BA7A15237D74DD00B4251A /* CountryTableViewCell.swift */,
				67BA7A16237D74DD00B4251A /* CountryTableViewCell.xib */,
			);
			path = Views;
			sourceTree = "<group>";
		};
/* End PBXGroup section */

/* Begin PBXNativeTarget section */
		670B8D44237D2F95002353A3 /* Country-Info */ = {
			isa = PBXNativeTarget;
			buildConfigurationList = 670B8D72237D2F96002353A3 /* Build configuration list for PBXNativeTarget "Country-Info" */;
			buildPhases = (
				1F7541DEA385F2DD517A71BD /* [CP] Check Pods Manifest.lock */,
				670B8D41237D2F95002353A3 /* Sources */,
				670B8D42237D2F95002353A3 /* Frameworks */,
				670B8D43237D2F95002353A3 /* Resources */,
				7B03F68699CD852BA3120518 /* [CP] Embed Pods Frameworks */,
			);
			buildRules = (
			);
			dependencies = (
			);
			name = "Country-Info";
			productName = "Country-Info";
			productReference = 670B8D45237D2F95002353A3 /* Country-Info.app */;
			productType = "com.apple.product-type.application";
		};
		670B8D5D237D2F96002353A3 /* Country-InfoTests */ = {
			isa = PBXNativeTarget;
			buildConfigurationList = 670B8D75237D2F96002353A3 /* Build configuration list for PBXNativeTarget "Country-InfoTests" */;
			buildPhases = (
				670B8D5A237D2F96002353A3 /* Sources */,
				670B8D5B237D2F96002353A3 /* Frameworks */,
				670B8D5C237D2F96002353A3 /* Resources */,
			);
			buildRules = (
			);
			dependencies = (
				670B8D60237D2F96002353A3 /* PBXTargetDependency */,
			);
			name = "Country-InfoTests";
			productName = "Country-InfoTests";
			productReference = 670B8D5E237D2F96002353A3 /* Country-InfoTests.xctest */;
			productType = "com.apple.product-type.bundle.unit-test";
		};
		670B8D68237D2F96002353A3 /* Country-InfoUITests */ = {
			isa = PBXNativeTarget;
			buildConfigurationList = 670B8D78237D2F96002353A3 /* Build configuration list for PBXNativeTarget "Country-InfoUITests" */;
			buildPhases = (
				670B8D65237D2F96002353A3 /* Sources */,
				670B8D66237D2F96002353A3 /* Frameworks */,
				670B8D67237D2F96002353A3 /* Resources */,
			);
			buildRules = (
			);
			dependencies = (
				670B8D6B237D2F96002353A3 /* PBXTargetDependency */,
			);
			name = "Country-InfoUITests";
			productName = "Country-InfoUITests";
			productReference = 670B8D69237D2F96002353A3 /* Country-InfoUITests.xctest */;
			productType = "com.apple.product-type.bundle.ui-testing";
		};
/* End PBXNativeTarget section */

/* Begin PBXProject section */
		670B8D3D237D2F95002353A3 /* Project object */ = {
			isa = PBXProject;
			attributes = {
				LastSwiftUpdateCheck = 1100;
				LastUpgradeCheck = 1100;
				ORGANIZATIONNAME = "burak kaya";
				TargetAttributes = {
					670B8D44237D2F95002353A3 = {
						CreatedOnToolsVersion = 11.0;
						LastSwiftMigration = 1100;
					};
					670B8D5D237D2F96002353A3 = {
						CreatedOnToolsVersion = 11.0;
						TestTargetID = 670B8D44237D2F95002353A3;
					};
					670B8D68237D2F96002353A3 = {
						CreatedOnToolsVersion = 11.0;
						TestTargetID = 670B8D44237D2F95002353A3;
					};
				};
			};
			buildConfigurationList = 670B8D40237D2F95002353A3 /* Build configuration list for PBXProject "Country-Info" */;
			compatibilityVersion = "Xcode 9.3";
			developmentRegion = en;
			hasScannedForEncodings = 0;
			knownRegions = (
				en,
				Base,
			);
			mainGroup = 670B8D3C237D2F95002353A3;
			productRefGroup = 670B8D46237D2F95002353A3 /* Products */;
			projectDirPath = "";
			projectRoot = "";
			targets = (
				670B8D44237D2F95002353A3 /* Country-Info */,
				670B8D5D237D2F96002353A3 /* Country-InfoTests */,
				670B8D68237D2F96002353A3 /* Country-InfoUITests */,
			);
		};
/* End PBXProject section */

/* Begin PBXResourcesBuildPhase section */
		670B8D43237D2F95002353A3 /* Resources */ = {
			isa = PBXResourcesBuildPhase;
			buildActionMask = 2147483647;
			files = (
				67BA7A18237D74DD00B4251A /* CountryTableViewCell.xib in Resources */,
				670B8D58237D2F96002353A3 /* LaunchScreen.storyboard in Resources */,
				670B8D55237D2F96002353A3 /* Assets.xcassets in Resources */,
				670B8D7C237D342F002353A3 /* Podfile in Resources */,
				670B8D50237D2F95002353A3 /* Main.storyboard in Resources */,
				670B8D81237D36F3002353A3 /* RegionCollectionViewCell.xib in Resources */,
			);
			runOnlyForDeploymentPostprocessing = 0;
		};
		670B8D5C237D2F96002353A3 /* Resources */ = {
			isa = PBXResourcesBuildPhase;
			buildActionMask = 2147483647;
			files = (
			);
			runOnlyForDeploymentPostprocessing = 0;
		};
		670B8D67237D2F96002353A3 /* Resources */ = {
			isa = PBXResourcesBuildPhase;
			buildActionMask = 2147483647;
			files = (
			);
			runOnlyForDeploymentPostprocessing = 0;
		};
/* End PBXResourcesBuildPhase section */

/* Begin PBXShellScriptBuildPhase section */
		1F7541DEA385F2DD517A71BD /* [CP] Check Pods Manifest.lock */ = {
			isa = PBXShellScriptBuildPhase;
			buildActionMask = 2147483647;
			files = (
			);
			inputFileListPaths = (
			);
			inputPaths = (
				"${PODS_PODFILE_DIR_PATH}/Podfile.lock",
				"${PODS_ROOT}/Manifest.lock",
			);
			name = "[CP] Check Pods Manifest.lock";
			outputFileListPaths = (
			);
			outputPaths = (
				"$(DERIVED_FILE_DIR)/Pods-Country-Info-checkManifestLockResult.txt",
			);
			runOnlyForDeploymentPostprocessing = 0;
			shellPath = /bin/sh;
			shellScript = "diff \"${PODS_PODFILE_DIR_PATH}/Podfile.lock\" \"${PODS_ROOT}/Manifest.lock\" > /dev/null\nif [ $? != 0 ] ; then\n    # print error to STDERR\n    echo \"error: The sandbox is not in sync with the Podfile.lock. Run 'pod install' or update your CocoaPods installation.\" >&2\n    exit 1\nfi\n# This output is used by Xcode 'outputs' to avoid re-running this script phase.\necho \"SUCCESS\" > \"${SCRIPT_OUTPUT_FILE_0}\"\n";
			showEnvVarsInLog = 0;
		};
		7B03F68699CD852BA3120518 /* [CP] Embed Pods Frameworks */ = {
			isa = PBXShellScriptBuildPhase;
			buildActionMask = 2147483647;
			files = (
			);
			inputFileListPaths = (
				"${PODS_ROOT}/Target Support Files/Pods-Country-Info/Pods-Country-Info-frameworks-${CONFIGURATION}-input-files.xcfilelist",
			);
			name = "[CP] Embed Pods Frameworks";
			outputFileListPaths = (
				"${PODS_ROOT}/Target Support Files/Pods-Country-Info/Pods-Country-Info-frameworks-${CONFIGURATION}-output-files.xcfilelist",
			);
			runOnlyForDeploymentPostprocessing = 0;
			shellPath = /bin/sh;
			shellScript = "\"${PODS_ROOT}/Target Support Files/Pods-Country-Info/Pods-Country-Info-frameworks.sh\"\n";
			showEnvVarsInLog = 0;
		};
/* End PBXShellScriptBuildPhase section */

/* Begin PBXSourcesBuildPhase section */
		670B8D41237D2F95002353A3 /* Sources */ = {
			isa = PBXSourcesBuildPhase;
			buildActionMask = 2147483647;
			files = (
				67BA7A1B237D9B8100B4251A /* MapViewController.swift in Sources */,
				670B8D83237D3E31002353A3 /* SceneDelegate.swift in Sources */,
				67BA7A14237D6B4600B4251A /* CountryDetailController.swift in Sources */,
				67BA7A1D237DD12100B4251A /* Model.swift in Sources */,
				67BA7A0D237D49C300B4251A /* TableViewController.swift in Sources */,
				67BA7A0F237D62D300B4251A /* GlobalFunctions.swift in Sources */,
				67BA7A17237D74DD00B4251A /* CountryTableViewCell.swift in Sources */,
				670B8D80237D36F3002353A3 /* RegionCollectionViewCell.swift in Sources */,
				670B8D53237D2F95002353A3 /* Country_Info.xcdatamodeld in Sources */,
				67BA7A0B237D478300B4251A /* Extension.swift in Sources */,
				670B8D4D237D2F95002353A3 /* ViewController.swift in Sources */,
				670B8D49237D2F95002353A3 /* AppDelegate.swift in Sources */,
			);
			runOnlyForDeploymentPostprocessing = 0;
		};
		670B8D5A237D2F96002353A3 /* Sources */ = {
			isa = PBXSourcesBuildPhase;
			buildActionMask = 2147483647;
			files = (
				670B8D63237D2F96002353A3 /* Country_InfoTests.swift in Sources */,
			);
			runOnlyForDeploymentPostprocessing = 0;
		};
		670B8D65237D2F96002353A3 /* Sources */ = {
			isa = PBXSourcesBuildPhase;
			buildActionMask = 2147483647;
			files = (
				670B8D6E237D2F96002353A3 /* Country_InfoUITests.swift in Sources */,
			);
			runOnlyForDeploymentPostprocessing = 0;
		};
/* End PBXSourcesBuildPhase section */

/* Begin PBXTargetDependency section */
		670B8D60237D2F96002353A3 /* PBXTargetDependency */ = {
			isa = PBXTargetDependency;
			target = 670B8D44237D2F95002353A3 /* Country-Info */;
			targetProxy = 670B8D5F237D2F96002353A3 /* PBXContainerItemProxy */;
		};
		670B8D6B237D2F96002353A3 /* PBXTargetDependency */ = {
			isa = PBXTargetDependency;
			target = 670B8D44237D2F95002353A3 /* Country-Info */;
			targetProxy = 670B8D6A237D2F96002353A3 /* PBXContainerItemProxy */;
		};
/* End PBXTargetDependency section */

/* Begin PBXVariantGroup section */
		670B8D4E237D2F95002353A3 /* Main.storyboard */ = {
			isa = PBXVariantGroup;
			children = (
				670B8D4F237D2F95002353A3 /* Base */,
			);
			name = Main.storyboard;
			sourceTree = "<group>";
		};
		670B8D56237D2F96002353A3 /* LaunchScreen.storyboard */ = {
			isa = PBXVariantGroup;
			children = (
				670B8D57237D2F96002353A3 /* Base */,
			);
			name = LaunchScreen.storyboard;
			sourceTree = "<group>";
		};
/* End PBXVariantGroup section */

/* Begin XCBuildConfiguration section */
		670B8D70237D2F96002353A3 /* Debug */ = {
			isa = XCBuildConfiguration;
			buildSettings = {
				ALWAYS_SEARCH_USER_PATHS = NO;
				CLANG_ANALYZER_NONNULL = YES;
				CLANG_ANALYZER_NUMBER_OBJECT_CONVERSION = YES_AGGRESSIVE;
				CLANG_CXX_LANGUAGE_STANDARD = "gnu++14";
				CLANG_CXX_LIBRARY = "libc++";
				CLANG_ENABLE_MODULES = YES;
				CLANG_ENABLE_OBJC_ARC = YES;
				CLANG_ENABLE_OBJC_WEAK = YES;
				CLANG_WARN_BLOCK_CAPTURE_AUTORELEASING = YES;
				CLANG_WARN_BOOL_CONVERSION = YES;
				CLANG_WARN_COMMA = YES;
				CLANG_WARN_CONSTANT_CONVERSION = YES;
				CLANG_WARN_DEPRECATED_OBJC_IMPLEMENTATIONS = YES;
				CLANG_WARN_DIRECT_OBJC_ISA_USAGE = YES_ERROR;
				CLANG_WARN_DOCUMENTATION_COMMENTS = YES;
				CLANG_WARN_EMPTY_BODY = YES;
				CLANG_WARN_ENUM_CONVERSION = YES;
				CLANG_WARN_INFINITE_RECURSION = YES;
				CLANG_WARN_INT_CONVERSION = YES;
				CLANG_WARN_NON_LITERAL_NULL_CONVERSION = YES;
				CLANG_WARN_OBJC_IMPLICIT_RETAIN_SELF = YES;
				CLANG_WARN_OBJC_LITERAL_CONVERSION = YES;
				CLANG_WARN_OBJC_ROOT_CLASS = YES_ERROR;
				CLANG_WARN_RANGE_LOOP_ANALYSIS = YES;
				CLANG_WARN_STRICT_PROTOTYPES = YES;
				CLANG_WARN_SUSPICIOUS_MOVE = YES;
				CLANG_WARN_UNGUARDED_AVAILABILITY = YES_AGGRESSIVE;
				CLANG_WARN_UNREACHABLE_CODE = YES;
				CLANG_WARN__DUPLICATE_METHOD_MATCH = YES;
				COPY_PHASE_STRIP = NO;
				DEBUG_INFORMATION_FORMAT = dwarf;
				ENABLE_STRICT_OBJC_MSGSEND = YES;
				ENABLE_TESTABILITY = YES;
				GCC_C_LANGUAGE_STANDARD = gnu11;
				GCC_DYNAMIC_NO_PIC = NO;
				GCC_NO_COMMON_BLOCKS = YES;
				GCC_OPTIMIZATION_LEVEL = 0;
				GCC_PREPROCESSOR_DEFINITIONS = (
					"DEBUG=1",
					"$(inherited)",
				);
				GCC_WARN_64_TO_32_BIT_CONVERSION = YES;
				GCC_WARN_ABOUT_RETURN_TYPE = YES_ERROR;
				GCC_WARN_UNDECLARED_SELECTOR = YES;
				GCC_WARN_UNINITIALIZED_AUTOS = YES_AGGRESSIVE;
				GCC_WARN_UNUSED_FUNCTION = YES;
				GCC_WARN_UNUSED_VARIABLE = YES;
				IPHONEOS_DEPLOYMENT_TARGET = 11.0;
				MTL_ENABLE_DEBUG_INFO = INCLUDE_SOURCE;
				MTL_FAST_MATH = YES;
				ONLY_ACTIVE_ARCH = YES;
				SDKROOT = iphoneos;
				SWIFT_ACTIVE_COMPILATION_CONDITIONS = DEBUG;
				SWIFT_OPTIMIZATION_LEVEL = "-Onone";
			};
			name = Debug;
		};
		670B8D71237D2F96002353A3 /* Release */ = {
			isa = XCBuildConfiguration;
			buildSettings = {
				ALWAYS_SEARCH_USER_PATHS = NO;
				CLANG_ANALYZER_NONNULL = YES;
				CLANG_ANALYZER_NUMBER_OBJECT_CONVERSION = YES_AGGRESSIVE;
				CLANG_CXX_LANGUAGE_STANDARD = "gnu++14";
				CLANG_CXX_LIBRARY = "libc++";
				CLANG_ENABLE_MODULES = YES;
				CLANG_ENABLE_OBJC_ARC = YES;
				CLANG_ENABLE_OBJC_WEAK = YES;
				CLANG_WARN_BLOCK_CAPTURE_AUTORELEASING = YES;
				CLANG_WARN_BOOL_CONVERSION = YES;
				CLANG_WARN_COMMA = YES;
				CLANG_WARN_CONSTANT_CONVERSION = YES;
				CLANG_WARN_DEPRECATED_OBJC_IMPLEMENTATIONS = YES;
				CLANG_WARN_DIRECT_OBJC_ISA_USAGE = YES_ERROR;
				CLANG_WARN_DOCUMENTATION_COMMENTS = YES;
				CLANG_WARN_EMPTY_BODY = YES;
				CLANG_WARN_ENUM_CONVERSION = YES;
				CLANG_WARN_INFINITE_RECURSION = YES;
				CLANG_WARN_INT_CONVERSION = YES;
				CLANG_WARN_NON_LITERAL_NULL_CONVERSION = YES;
				CLANG_WARN_OBJC_IMPLICIT_RETAIN_SELF = YES;
				CLANG_WARN_OBJC_LITERAL_CONVERSION = YES;
				CLANG_WARN_OBJC_ROOT_CLASS = YES_ERROR;
				CLANG_WARN_RANGE_LOOP_ANALYSIS = YES;
				CLANG_WARN_STRICT_PROTOTYPES = YES;
				CLANG_WARN_SUSPICIOUS_MOVE = YES;
				CLANG_WARN_UNGUARDED_AVAILABILITY = YES_AGGRESSIVE;
				CLANG_WARN_UNREACHABLE_CODE = YES;
				CLANG_WARN__DUPLICATE_METHOD_MATCH = YES;
				COPY_PHASE_STRIP = NO;
				DEBUG_INFORMATION_FORMAT = "dwarf-with-dsym";
				ENABLE_NS_ASSERTIONS = NO;
				ENABLE_STRICT_OBJC_MSGSEND = YES;
				GCC_C_LANGUAGE_STANDARD = gnu11;
				GCC_NO_COMMON_BLOCKS = YES;
				GCC_WARN_64_TO_32_BIT_CONVERSION = YES;
				GCC_WARN_ABOUT_RETURN_TYPE = YES_ERROR;
				GCC_WARN_UNDECLARED_SELECTOR = YES;
				GCC_WARN_UNINITIALIZED_AUTOS = YES_AGGRESSIVE;
				GCC_WARN_UNUSED_FUNCTION = YES;
				GCC_WARN_UNUSED_VARIABLE = YES;
				IPHONEOS_DEPLOYMENT_TARGET = 11.0;
				MTL_ENABLE_DEBUG_INFO = NO;
				MTL_FAST_MATH = YES;
				SDKROOT = iphoneos;
				SWIFT_COMPILATION_MODE = wholemodule;
				SWIFT_OPTIMIZATION_LEVEL = "-O";
				VALIDATE_PRODUCT = YES;
			};
			name = Release;
		};
		670B8D73237D2F96002353A3 /* Debug */ = {
			isa = XCBuildConfiguration;
			baseConfigurationReference = 708184D063E74B930865AA21 /* Pods-Country-Info.debug.xcconfig */;
			buildSettings = {
				ASSETCATALOG_COMPILER_APPICON_NAME = AppIcon;
				CLANG_ENABLE_MODULES = YES;
				CODE_SIGN_STYLE = Automatic;
				DEVELOPMENT_TEAM = 75265928R5;
				INFOPLIST_FILE = "Country-Info/Info.plist";
				LD_RUNPATH_SEARCH_PATHS = (
					"$(inherited)",
					"@executable_path/Frameworks",
				);
				PRODUCT_BUNDLE_IDENTIFIER = "burak-kaya.Country-Info";
				PRODUCT_NAME = "$(TARGET_NAME)";
				SWIFT_OBJC_BRIDGING_HEADER = "Country-Info/Country-Info-Bridging-Header.h";
				SWIFT_OPTIMIZATION_LEVEL = "-Onone";
				SWIFT_VERSION = 4.2;
				TARGETED_DEVICE_FAMILY = "1,2";
			};
			name = Debug;
		};
		670B8D74237D2F96002353A3 /* Release */ = {
			isa = XCBuildConfiguration;
			baseConfigurationReference = D4EB7C06A3412217D70C27E2 /* Pods-Country-Info.release.xcconfig */;
			buildSettings = {
				ASSETCATALOG_COMPILER_APPICON_NAME = AppIcon;
				CLANG_ENABLE_MODULES = YES;
				CODE_SIGN_STYLE = Automatic;
				DEVELOPMENT_TEAM = 75265928R5;
				INFOPLIST_FILE = "Country-Info/Info.plist";
				LD_RUNPATH_SEARCH_PATHS = (
					"$(inherited)",
					"@executable_path/Frameworks",
				);
				PRODUCT_BUNDLE_IDENTIFIER = "burak-kaya.Country-Info";
				PRODUCT_NAME = "$(TARGET_NAME)";
				SWIFT_OBJC_BRIDGING_HEADER = "Country-Info/Country-Info-Bridging-Header.h";
				SWIFT_VERSION = 4.2;
				TARGETED_DEVICE_FAMILY = "1,2";
			};
			name = Release;
		};
		670B8D76237D2F96002353A3 /* Debug */ = {
			isa = XCBuildConfiguration;
			buildSettings = {
				ALWAYS_EMBED_SWIFT_STANDARD_LIBRARIES = YES;
				BUNDLE_LOADER = "$(TEST_HOST)";
				CODE_SIGN_STYLE = Automatic;
				DEVELOPMENT_TEAM = 7UJ425XN7W;
				INFOPLIST_FILE = "Country-InfoTests/Info.plist";
				IPHONEOS_DEPLOYMENT_TARGET = 13.0;
				LD_RUNPATH_SEARCH_PATHS = (
					"$(inherited)",
					"@executable_path/Frameworks",
					"@loader_path/Frameworks",
				);
				PRODUCT_BUNDLE_IDENTIFIER = "burak-kaya.Country-InfoTests";
				PRODUCT_NAME = "$(TARGET_NAME)";
				SWIFT_VERSION = 5.0;
				TARGETED_DEVICE_FAMILY = "1,2";
				TEST_HOST = "$(BUILT_PRODUCTS_DIR)/Country-Info.app/Country-Info";
			};
			name = Debug;
		};
		670B8D77237D2F96002353A3 /* Release */ = {
			isa = XCBuildConfiguration;
			buildSettings = {
				ALWAYS_EMBED_SWIFT_STANDARD_LIBRARIES = YES;
				BUNDLE_LOADER = "$(TEST_HOST)";
				CODE_SIGN_STYLE = Automatic;
				DEVELOPMENT_TEAM = 7UJ425XN7W;
				INFOPLIST_FILE = "Country-InfoTests/Info.plist";
				IPHONEOS_DEPLOYMENT_TARGET = 13.0;
				LD_RUNPATH_SEARCH_PATHS = (
					"$(inherited)",
					"@executable_path/Frameworks",
					"@loader_path/Frameworks",
				);
				PRODUCT_BUNDLE_IDENTIFIER = "burak-kaya.Country-InfoTests";
				PRODUCT_NAME = "$(TARGET_NAME)";
				SWIFT_VERSION = 5.0;
				TARGETED_DEVICE_FAMILY = "1,2";
				TEST_HOST = "$(BUILT_PRODUCTS_DIR)/Country-Info.app/Country-Info";
			};
			name = Release;
		};
		670B8D79237D2F96002353A3 /* Debug */ = {
			isa = XCBuildConfiguration;
			buildSettings = {
				ALWAYS_EMBED_SWIFT_STANDARD_LIBRARIES = YES;
				CODE_SIGN_STYLE = Automatic;
				DEVELOPMENT_TEAM = 7UJ425XN7W;
				INFOPLIST_FILE = "Country-InfoUITests/Info.plist";
				LD_RUNPATH_SEARCH_PATHS = (
					"$(inherited)",
					"@executable_path/Frameworks",
					"@loader_path/Frameworks",
				);
				PRODUCT_BUNDLE_IDENTIFIER = "burak-kaya.Country-InfoUITests";
				PRODUCT_NAME = "$(TARGET_NAME)";
				SWIFT_VERSION = 5.0;
				TARGETED_DEVICE_FAMILY = "1,2";
				TEST_TARGET_NAME = "Country-Info";
			};
			name = Debug;
		};
		670B8D7A237D2F96002353A3 /* Release */ = {
			isa = XCBuildConfiguration;
			buildSettings = {
				ALWAYS_EMBED_SWIFT_STANDARD_LIBRARIES = YES;
				CODE_SIGN_STYLE = Automatic;
				DEVELOPMENT_TEAM = 7UJ425XN7W;
				INFOPLIST_FILE = "Country-InfoUITests/Info.plist";
				LD_RUNPATH_SEARCH_PATHS = (
					"$(inherited)",
					"@executable_path/Frameworks",
					"@loader_path/Frameworks",
				);
				PRODUCT_BUNDLE_IDENTIFIER = "burak-kaya.Country-InfoUITests";
				PRODUCT_NAME = "$(TARGET_NAME)";
				SWIFT_VERSION = 5.0;
				TARGETED_DEVICE_FAMILY = "1,2";
				TEST_TARGET_NAME = "Country-Info";
			};
			name = Release;
		};
/* End XCBuildConfiguration section */

/* Begin XCConfigurationList section */
		670B8D40237D2F95002353A3 /* Build configuration list for PBXProject "Country-Info" */ = {
			isa = XCConfigurationList;
			buildConfigurations = (
				670B8D70237D2F96002353A3 /* Debug */,
				670B8D71237D2F96002353A3 /* Release */,
			);
			defaultConfigurationIsVisible = 0;
			defaultConfigurationName = Release;
		};
		670B8D72237D2F96002353A3 /* Build configuration list for PBXNativeTarget "Country-Info" */ = {
			isa = XCConfigurationList;
			buildConfigurations = (
				670B8D73237D2F96002353A3 /* Debug */,
				670B8D74237D2F96002353A3 /* Release */,
			);
			defaultConfigurationIsVisible = 0;
			defaultConfigurationName = Release;
		};
		670B8D75237D2F96002353A3 /* Build configuration list for PBXNativeTarget "Country-InfoTests" */ = {
			isa = XCConfigurationList;
			buildConfigurations = (
				670B8D76237D2F96002353A3 /* Debug */,
				670B8D77237D2F96002353A3 /* Release */,
			);
			defaultConfigurationIsVisible = 0;
			defaultConfigurationName = Release;
		};
		670B8D78237D2F96002353A3 /* Build configuration list for PBXNativeTarget "Country-InfoUITests" */ = {
			isa = XCConfigurationList;
			buildConfigurations = (
				670B8D79237D2F96002353A3 /* Debug */,
				670B8D7A237D2F96002353A3 /* Release */,
			);
			defaultConfigurationIsVisible = 0;
			defaultConfigurationName = Release;
		};
/* End XCConfigurationList section */

/* Begin XCVersionGroup section */
		670B8D51237D2F95002353A3 /* Country_Info.xcdatamodeld */ = {
			isa = XCVersionGroup;
			children = (
				670B8D52237D2F95002353A3 /* Country_Info.xcdatamodel */,
			);
			currentVersion = 670B8D52237D2F95002353A3 /* Country_Info.xcdatamodel */;
			path = Country_Info.xcdatamodeld;
			sourceTree = "<group>";
			versionGroupType = wrapper.xcdatamodel;
		};
/* End XCVersionGroup section */
	};
	rootObject = 670B8D3D237D2F95002353A3 /* Project object */;
}
